
Microsoft Visual Studio Solution File, Format Version 12.00
# Visual Studio Version 17
VisualStudioVersion = 17.14.36414.22 d17.14
MinimumVisualStudioVersion = 10.0.40219.1
Project("{FAE04EC0-301F-11D3-BF4B-00C04F79EFBC}") = "EmployeeManagement.API", "EmployeeManagement.API\EmployeeManagement.API.csproj", "{F621AF0E-6FA9-4711-890C-2120ABD5DE8F}"
EndProject
Global
	GlobalSection(SolutionConfigurationPlatforms) = preSolution
		Debug|Any CPU = Debug|Any CPU
		Release|Any CPU = Release|Any CPU
	EndGlobalSection
	GlobalSection(ProjectConfigurationPlatforms) = postSolution
		{F621AF0E-6FA9-4711-890C-2120ABD5DE8F}.Debug|Any CPU.ActiveCfg = Debug|Any CPU
		{F621AF0E-6FA9-4711-890C-2120ABD5DE8F}.Debug|Any CPU.Build.0 = Debug|Any CPU
		{F621AF0E-6FA9-4711-890C-2120ABD5DE8F}.Release|Any CPU.ActiveCfg = Release|Any CPU
		{F621AF0E-6FA9-4711-890C-2120ABD5DE8F}.Release|Any CPU.Build.0 = Release|Any CPU
	EndGlobalSection
	GlobalSection(SolutionProperties) = preSolution
		HideSolutionNode = FALSE
	EndGlobalSection
	GlobalSection(ExtensibilityGlobals) = postSolution
		SolutionGuid = {A5B2C913-C183-4A89-A71F-DEAF60FD14F3}
	EndGlobalSection
EndGlobal
